
Microsoft Visual Studio Solution File, Format Version 12.00
# Visual Studio Version 16
VisualStudioVersion = 16.0.31729.503
MinimumVisualStudioVersion = 10.0.40219.1
Project("{FAE04EC0-301F-11D3-BF4B-00C04F79EFBC}") = "ApiOrderProducer", "ApiOrderProducer\ApiOrderProducer.csproj", "{C3A6EB1B-9864-424D-9143-D49AF1D4ECF2}"
EndProject
Global
	GlobalSection(SolutionConfigurationPlatforms) = preSolution
		Debug|Any CPU = Debug|Any CPU
		Release|Any CPU = Release|Any CPU
	EndGlobalSection
	GlobalSection(ProjectConfigurationPlatforms) = postSolution
		{C3A6EB1B-9864-424D-9143-D49AF1D4ECF2}.Debug|Any CPU.ActiveCfg = Debug|Any CPU
		{C3A6EB1B-9864-424D-9143-D49AF1D4ECF2}.Debug|Any CPU.Build.0 = Debug|Any CPU
		{C3A6EB1B-9864-424D-9143-D49AF1D4ECF2}.Release|Any CPU.ActiveCfg = Release|Any CPU
		{C3A6EB1B-9864-424D-9143-D49AF1D4ECF2}.Release|Any CPU.Build.0 = Release|Any CPU
	EndGlobalSection
	GlobalSection(SolutionProperties) = preSolution
		HideSolutionNode = FALSE
	EndGlobalSection
	GlobalSection(ExtensibilityGlobals) = postSolution
		SolutionGuid = {5EBF9FBC-FBFD-43B7-9498-B009B1EDA404}
	EndGlobalSection
EndGlobal
